
Microsoft Visual Studio Solution File, Format Version 12.00
# Visual Studio 15
VisualStudioVersion = 15.0.28307.1684
MinimumVisualStudioVersion = 10.0.40219.1
Project("{8BC9CEB8-8B4A-11D0-8D11-00A0C91BC942}") = "P14", "P14\P14.vcxproj", "{0156BCF8-D818-4ECB-8E6E-300B43C2FB2F}"
EndProject
Global
	GlobalSection(SolutionConfigurationPlatforms) = preSolution
		Debug|x64 = Debug|x64
		Debug|x86 = Debug|x86
		Release|x64 = Release|x64
		Release|x86 = Release|x86
	EndGlobalSection
	GlobalSection(ProjectConfigurationPlatforms) = postSolution
		{0156BCF8-D818-4ECB-8E6E-300B43C2FB2F}.Debug|x64.ActiveCfg = Debug|x64
		{0156BCF8-D818-4ECB-8E6E-300B43C2FB2F}.Debug|x64.Build.0 = Debug|x64
		{0156BCF8-D818-4ECB-8E6E-300B43C2FB2F}.Debug|x86.ActiveCfg = Debug|Win32
		{0156BCF8-D818-4ECB-8E6E-300B43C2FB2F}.Debug|x86.Build.0 = Debug|Win32
		{0156BCF8-D818-4ECB-8E6E-300B43C2FB2F}.Release|x64.ActiveCfg = Release|x64
		{0156BCF8-D818-4ECB-8E6E-300B43C2FB2F}.Release|x64.Build.0 = Release|x64
		{0156BCF8-D818-4ECB-8E6E-300B43C2FB2F}.Release|x86.ActiveCfg = Release|Win32
		{0156BCF8-D818-4ECB-8E6E-300B43C2FB2F}.Release|x86.Build.0 = Release|Win32
	EndGlobalSection
	GlobalSection(SolutionProperties) = preSolution
		HideSolutionNode = FALSE
	EndGlobalSection
	GlobalSection(ExtensibilityGlobals) = postSolution
		SolutionGuid = {5C22A58B-33ED-4B92-877D-6CF475D34D1E}
	EndGlobalSection
EndGlobal
