
Microsoft Visual Studio Solution File, Format Version 12.00
# Visual Studio 15
VisualStudioVersion = 15.0.28307.1684
MinimumVisualStudioVersion = 10.0.40219.1
Project("{8BC9CEB8-8B4A-11D0-8D11-00A0C91BC942}") = "P04", "P04\P04.vcxproj", "{04C9774B-864D-4BFB-83B9-EC7FB519510C}"
EndProject
Global
	GlobalSection(SolutionConfigurationPlatforms) = preSolution
		Debug|x64 = Debug|x64
		Debug|x86 = Debug|x86
		Release|x64 = Release|x64
		Release|x86 = Release|x86
	EndGlobalSection
	GlobalSection(ProjectConfigurationPlatforms) = postSolution
		{04C9774B-864D-4BFB-83B9-EC7FB519510C}.Debug|x64.ActiveCfg = Debug|x64
		{04C9774B-864D-4BFB-83B9-EC7FB519510C}.Debug|x64.Build.0 = Debug|x64
		{04C9774B-864D-4BFB-83B9-EC7FB519510C}.Debug|x86.ActiveCfg = Debug|Win32
		{04C9774B-864D-4BFB-83B9-EC7FB519510C}.Debug|x86.Build.0 = Debug|Win32
		{04C9774B-864D-4BFB-83B9-EC7FB519510C}.Release|x64.ActiveCfg = Release|x64
		{04C9774B-864D-4BFB-83B9-EC7FB519510C}.Release|x64.Build.0 = Release|x64
		{04C9774B-864D-4BFB-83B9-EC7FB519510C}.Release|x86.ActiveCfg = Release|Win32
		{04C9774B-864D-4BFB-83B9-EC7FB519510C}.Release|x86.Build.0 = Release|Win32
	EndGlobalSection
	GlobalSection(SolutionProperties) = preSolution
		HideSolutionNode = FALSE
	EndGlobalSection
	GlobalSection(ExtensibilityGlobals) = postSolution
		SolutionGuid = {7E439C6F-82DF-4232-ADD5-F4DBF0D627D6}
	EndGlobalSection
EndGlobal
